
Microsoft Visual Studio Solution File, Format Version 12.00
# Visual Studio Version 17
VisualStudioVersion = 17.5.002.0
MinimumVisualStudioVersion = 10.0.40219.1
Project("{9A19103F-16F7-4668-BE54-9A1E7A4F7556}") = "SMART_PRINTER_SERVICE", "SMART_PRINTER_SERVICE.csproj", "{50436E7C-1D7D-49A1-A19B-B5270D22D6D3}"
EndProject
Global
	GlobalSection(SolutionConfigurationPlatforms) = preSolution
		Debug|Any CPU = Debug|Any CPU
		Release|Any CPU = Release|Any CPU
	EndGlobalSection
	GlobalSection(ProjectConfigurationPlatforms) = postSolution
		{50436E7C-1D7D-49A1-A19B-B5270D22D6D3}.Debug|Any CPU.ActiveCfg = Debug|Any CPU
		{50436E7C-1D7D-49A1-A19B-B5270D22D6D3}.Debug|Any CPU.Build.0 = Debug|Any CPU
		{50436E7C-1D7D-49A1-A19B-B5270D22D6D3}.Release|Any CPU.ActiveCfg = Release|Any CPU
		{50436E7C-1D7D-49A1-A19B-B5270D22D6D3}.Release|Any CPU.Build.0 = Release|Any CPU
	EndGlobalSection
	GlobalSection(SolutionProperties) = preSolution
		HideSolutionNode = FALSE
	EndGlobalSection
	GlobalSection(ExtensibilityGlobals) = postSolution
		SolutionGuid = {1590402F-9FF3-469C-BFA2-8762EF1396B6}
	EndGlobalSection
EndGlobal
